
Microsoft Visual Studio Solution File, Format Version 12.00
# Visual Studio Version 16
VisualStudioVersion = 16.0.29424.173
MinimumVisualStudioVersion = 10.0.40219.1
Project("{9A19103F-16F7-4668-BE54-9A1E7A4F7556}") = "BotCore", "BotCore\BotCore.csproj", "{2103293B-8A01-496B-B1EB-3CD3DD9C31F7}"
EndProject
Project("{9A19103F-16F7-4668-BE54-9A1E7A4F7556}") = "BotLogger", "BotLogger\BotLogger.csproj", "{C9E65E9B-9F56-488D-A936-99D5AAB22853}"
EndProject
Project("{9A19103F-16F7-4668-BE54-9A1E7A4F7556}") = "BotData", "BotData\BotData.csproj", "{9719F415-00AB-416F-A150-6FBEE1F8E2F7}"
	ProjectSection(ProjectDependencies) = postProject
		{C9E65E9B-9F56-488D-A936-99D5AAB22853} = {C9E65E9B-9F56-488D-A936-99D5AAB22853}
	EndProjectSection
EndProject
Project("{9A19103F-16F7-4668-BE54-9A1E7A4F7556}") = "BotBase", "BotBase\BotBase.csproj", "{DA902753-D168-4AF4-9527-30588CB78561}"
	ProjectSection(ProjectDependencies) = postProject
		{78CA8608-4F88-4A62-8966-0E34F5B2A4FF} = {78CA8608-4F88-4A62-8966-0E34F5B2A4FF}
	EndProjectSection
EndProject
Project("{9A19103F-16F7-4668-BE54-9A1E7A4F7556}") = "Example.Module", "Example\Example.Module.csproj", "{78CA8608-4F88-4A62-8966-0E34F5B2A4FF}"
EndProject
Project("{9A19103F-16F7-4668-BE54-9A1E7A4F7556}") = "BotShared", "BotShared\BotShared.csproj", "{77C91399-8C64-474F-B80C-CB9946E99857}"
EndProject
Project("{2150E333-8FDC-42A3-9474-1A3956D46DE8}") = "Solution Items", "Solution Items", "{B84020E8-6BEA-4C80-BA96-1E6C8E8D9E0B}"
EndProject
Project("{9A19103F-16F7-4668-BE54-9A1E7A4F7556}") = "TwitchTv.Module", "TwitchTv.Module\TwitchTv.Module.csproj", "{BA364AC6-C5B5-478C-8103-1E134543961E}"
EndProject
Project("{FAE04EC0-301F-11D3-BF4B-00C04F79EFBC}") = "Level.Module", "Level.Module\Level.Module.csproj", "{C33D98C6-ED0B-4BD2-AB4D-3F09629C3AC0}"
EndProject
Global
	GlobalSection(SolutionConfigurationPlatforms) = preSolution
		Debug|Any CPU = Debug|Any CPU
		Debug|x86 = Debug|x86
		linux-x86|Any CPU = linux-x86|Any CPU
		linux-x86|x86 = linux-x86|x86
		Release|Any CPU = Release|Any CPU
		Release|x86 = Release|x86
	EndGlobalSection
	GlobalSection(ProjectConfigurationPlatforms) = postSolution
		{2103293B-8A01-496B-B1EB-3CD3DD9C31F7}.Debug|Any CPU.ActiveCfg = Debug|Any CPU
		{2103293B-8A01-496B-B1EB-3CD3DD9C31F7}.Debug|Any CPU.Build.0 = Debug|Any CPU
		{2103293B-8A01-496B-B1EB-3CD3DD9C31F7}.Debug|x86.ActiveCfg = Debug|Any CPU
		{2103293B-8A01-496B-B1EB-3CD3DD9C31F7}.Debug|x86.Build.0 = Debug|Any CPU
		{2103293B-8A01-496B-B1EB-3CD3DD9C31F7}.linux-x86|Any CPU.ActiveCfg = Debug|Any CPU
		{2103293B-8A01-496B-B1EB-3CD3DD9C31F7}.linux-x86|Any CPU.Build.0 = Debug|Any CPU
		{2103293B-8A01-496B-B1EB-3CD3DD9C31F7}.linux-x86|x86.ActiveCfg = Debug|Any CPU
		{2103293B-8A01-496B-B1EB-3CD3DD9C31F7}.linux-x86|x86.Build.0 = Debug|Any CPU
		{2103293B-8A01-496B-B1EB-3CD3DD9C31F7}.Release|Any CPU.ActiveCfg = Release|Any CPU
		{2103293B-8A01-496B-B1EB-3CD3DD9C31F7}.Release|Any CPU.Build.0 = Release|Any CPU
		{2103293B-8A01-496B-B1EB-3CD3DD9C31F7}.Release|x86.ActiveCfg = Release|Any CPU
		{2103293B-8A01-496B-B1EB-3CD3DD9C31F7}.Release|x86.Build.0 = Release|Any CPU
		{C9E65E9B-9F56-488D-A936-99D5AAB22853}.Debug|Any CPU.ActiveCfg = Debug|Any CPU
		{C9E65E9B-9F56-488D-A936-99D5AAB22853}.Debug|Any CPU.Build.0 = Debug|Any CPU
		{C9E65E9B-9F56-488D-A936-99D5AAB22853}.Debug|x86.ActiveCfg = Debug|Any CPU
		{C9E65E9B-9F56-488D-A936-99D5AAB22853}.Debug|x86.Build.0 = Debug|Any CPU
		{C9E65E9B-9F56-488D-A936-99D5AAB22853}.linux-x86|Any CPU.ActiveCfg = Debug|Any CPU
		{C9E65E9B-9F56-488D-A936-99D5AAB22853}.linux-x86|Any CPU.Build.0 = Debug|Any CPU
		{C9E65E9B-9F56-488D-A936-99D5AAB22853}.linux-x86|x86.ActiveCfg = Debug|Any CPU
		{C9E65E9B-9F56-488D-A936-99D5AAB22853}.linux-x86|x86.Build.0 = Debug|Any CPU
		{C9E65E9B-9F56-488D-A936-99D5AAB22853}.Release|Any CPU.ActiveCfg = Release|Any CPU
		{C9E65E9B-9F56-488D-A936-99D5AAB22853}.Release|Any CPU.Build.0 = Release|Any CPU
		{C9E65E9B-9F56-488D-A936-99D5AAB22853}.Release|x86.ActiveCfg = Release|Any CPU
		{C9E65E9B-9F56-488D-A936-99D5AAB22853}.Release|x86.Build.0 = Release|Any CPU
		{9719F415-00AB-416F-A150-6FBEE1F8E2F7}.Debug|Any CPU.ActiveCfg = Debug|Any CPU
		{9719F415-00AB-416F-A150-6FBEE1F8E2F7}.Debug|Any CPU.Build.0 = Debug|Any CPU
		{9719F415-00AB-416F-A150-6FBEE1F8E2F7}.Debug|x86.ActiveCfg = Debug|Any CPU
		{9719F415-00AB-416F-A150-6FBEE1F8E2F7}.Debug|x86.Build.0 = Debug|Any CPU
		{9719F415-00AB-416F-A150-6FBEE1F8E2F7}.linux-x86|Any CPU.ActiveCfg = Debug|Any CPU
		{9719F415-00AB-416F-A150-6FBEE1F8E2F7}.linux-x86|Any CPU.Build.0 = Debug|Any CPU
		{9719F415-00AB-416F-A150-6FBEE1F8E2F7}.linux-x86|x86.ActiveCfg = Debug|Any CPU
		{9719F415-00AB-416F-A150-6FBEE1F8E2F7}.linux-x86|x86.Build.0 = Debug|Any CPU
		{9719F415-00AB-416F-A150-6FBEE1F8E2F7}.Release|Any CPU.ActiveCfg = Release|Any CPU
		{9719F415-00AB-416F-A150-6FBEE1F8E2F7}.Release|Any CPU.Build.0 = Release|Any CPU
		{9719F415-00AB-416F-A150-6FBEE1F8E2F7}.Release|x86.ActiveCfg = Release|Any CPU
		{9719F415-00AB-416F-A150-6FBEE1F8E2F7}.Release|x86.Build.0 = Release|Any CPU
		{DA902753-D168-4AF4-9527-30588CB78561}.Debug|Any CPU.ActiveCfg = Debug|Any CPU
		{DA902753-D168-4AF4-9527-30588CB78561}.Debug|Any CPU.Build.0 = Debug|Any CPU
		{DA902753-D168-4AF4-9527-30588CB78561}.Debug|x86.ActiveCfg = Debug|Any CPU
		{DA902753-D168-4AF4-9527-30588CB78561}.Debug|x86.Build.0 = Debug|Any CPU
		{DA902753-D168-4AF4-9527-30588CB78561}.linux-x86|Any CPU.ActiveCfg = Debug|Any CPU
		{DA902753-D168-4AF4-9527-30588CB78561}.linux-x86|Any CPU.Build.0 = Debug|Any CPU
		{DA902753-D168-4AF4-9527-30588CB78561}.linux-x86|x86.ActiveCfg = Debug|Any CPU
		{DA902753-D168-4AF4-9527-30588CB78561}.linux-x86|x86.Build.0 = Debug|Any CPU
		{DA902753-D168-4AF4-9527-30588CB78561}.Release|Any CPU.ActiveCfg = Release|Any CPU
		{DA902753-D168-4AF4-9527-30588CB78561}.Release|Any CPU.Build.0 = Release|Any CPU
		{DA902753-D168-4AF4-9527-30588CB78561}.Release|x86.ActiveCfg = Release|Any CPU
		{DA902753-D168-4AF4-9527-30588CB78561}.Release|x86.Build.0 = Release|Any CPU
		{78CA8608-4F88-4A62-8966-0E34F5B2A4FF}.Debug|Any CPU.ActiveCfg = Debug|Any CPU
		{78CA8608-4F88-4A62-8966-0E34F5B2A4FF}.Debug|Any CPU.Build.0 = Debug|Any CPU
		{78CA8608-4F88-4A62-8966-0E34F5B2A4FF}.Debug|x86.ActiveCfg = Debug|Any CPU
		{78CA8608-4F88-4A62-8966-0E34F5B2A4FF}.Debug|x86.Build.0 = Debug|Any CPU
		{78CA8608-4F88-4A62-8966-0E34F5B2A4FF}.linux-x86|Any CPU.ActiveCfg = Debug|Any CPU
		{78CA8608-4F88-4A62-8966-0E34F5B2A4FF}.linux-x86|Any CPU.Build.0 = Debug|Any CPU
		{78CA8608-4F88-4A62-8966-0E34F5B2A4FF}.linux-x86|x86.ActiveCfg = Debug|Any CPU
		{78CA8608-4F88-4A62-8966-0E34F5B2A4FF}.linux-x86|x86.Build.0 = Debug|Any CPU
		{78CA8608-4F88-4A62-8966-0E34F5B2A4FF}.Release|Any CPU.ActiveCfg = Release|Any CPU
		{78CA8608-4F88-4A62-8966-0E34F5B2A4FF}.Release|Any CPU.Build.0 = Release|Any CPU
		{78CA8608-4F88-4A62-8966-0E34F5B2A4FF}.Release|x86.ActiveCfg = Release|Any CPU
		{78CA8608-4F88-4A62-8966-0E34F5B2A4FF}.Release|x86.Build.0 = Release|Any CPU
		{77C91399-8C64-474F-B80C-CB9946E99857}.Debug|Any CPU.ActiveCfg = Debug|Any CPU
		{77C91399-8C64-474F-B80C-CB9946E99857}.Debug|Any CPU.Build.0 = Debug|Any CPU
		{77C91399-8C64-474F-B80C-CB9946E99857}.Debug|x86.ActiveCfg = Debug|Any CPU
		{77C91399-8C64-474F-B80C-CB9946E99857}.Debug|x86.Build.0 = Debug|Any CPU
		{77C91399-8C64-474F-B80C-CB9946E99857}.linux-x86|Any CPU.ActiveCfg = Debug|Any CPU
		{77C91399-8C64-474F-B80C-CB9946E99857}.linux-x86|Any CPU.Build.0 = Debug|Any CPU
		{77C91399-8C64-474F-B80C-CB9946E99857}.linux-x86|x86.ActiveCfg = Debug|Any CPU
		{77C91399-8C64-474F-B80C-CB9946E99857}.linux-x86|x86.Build.0 = Debug|Any CPU
		{77C91399-8C64-474F-B80C-CB9946E99857}.Release|Any CPU.ActiveCfg = Release|Any CPU
		{77C91399-8C64-474F-B80C-CB9946E99857}.Release|Any CPU.Build.0 = Release|Any CPU
		{77C91399-8C64-474F-B80C-CB9946E99857}.Release|x86.ActiveCfg = Release|Any CPU
		{77C91399-8C64-474F-B80C-CB9946E99857}.Release|x86.Build.0 = Release|Any CPU
		{BA364AC6-C5B5-478C-8103-1E134543961E}.Debug|Any CPU.ActiveCfg = Debug|Any CPU
		{BA364AC6-C5B5-478C-8103-1E134543961E}.Debug|Any CPU.Build.0 = Debug|Any CPU
		{BA364AC6-C5B5-478C-8103-1E134543961E}.Debug|x86.ActiveCfg = Debug|Any CPU
		{BA364AC6-C5B5-478C-8103-1E134543961E}.Debug|x86.Build.0 = Debug|Any CPU
		{BA364AC6-C5B5-478C-8103-1E134543961E}.linux-x86|Any CPU.ActiveCfg = Debug|Any CPU
		{BA364AC6-C5B5-478C-8103-1E134543961E}.linux-x86|Any CPU.Build.0 = Debug|Any CPU
		{BA364AC6-C5B5-478C-8103-1E134543961E}.linux-x86|x86.ActiveCfg = Debug|Any CPU
		{BA364AC6-C5B5-478C-8103-1E134543961E}.linux-x86|x86.Build.0 = Debug|Any CPU
		{BA364AC6-C5B5-478C-8103-1E134543961E}.Release|Any CPU.ActiveCfg = Release|Any CPU
		{BA364AC6-C5B5-478C-8103-1E134543961E}.Release|Any CPU.Build.0 = Release|Any CPU
		{BA364AC6-C5B5-478C-8103-1E134543961E}.Release|x86.ActiveCfg = Release|Any CPU
		{BA364AC6-C5B5-478C-8103-1E134543961E}.Release|x86.Build.0 = Release|Any CPU
		{C33D98C6-ED0B-4BD2-AB4D-3F09629C3AC0}.Debug|Any CPU.ActiveCfg = Debug|Any CPU
		{C33D98C6-ED0B-4BD2-AB4D-3F09629C3AC0}.Debug|Any CPU.Build.0 = Debug|Any CPU
		{C33D98C6-ED0B-4BD2-AB4D-3F09629C3AC0}.Debug|x86.ActiveCfg = Debug|Any CPU
		{C33D98C6-ED0B-4BD2-AB4D-3F09629C3AC0}.Debug|x86.Build.0 = Debug|Any CPU
		{C33D98C6-ED0B-4BD2-AB4D-3F09629C3AC0}.linux-x86|Any CPU.ActiveCfg = Debug|Any CPU
		{C33D98C6-ED0B-4BD2-AB4D-3F09629C3AC0}.linux-x86|Any CPU.Build.0 = Debug|Any CPU
		{C33D98C6-ED0B-4BD2-AB4D-3F09629C3AC0}.linux-x86|x86.ActiveCfg = Debug|Any CPU
		{C33D98C6-ED0B-4BD2-AB4D-3F09629C3AC0}.linux-x86|x86.Build.0 = Debug|Any CPU
		{C33D98C6-ED0B-4BD2-AB4D-3F09629C3AC0}.Release|Any CPU.ActiveCfg = Release|Any CPU
		{C33D98C6-ED0B-4BD2-AB4D-3F09629C3AC0}.Release|Any CPU.Build.0 = Release|Any CPU
		{C33D98C6-ED0B-4BD2-AB4D-3F09629C3AC0}.Release|x86.ActiveCfg = Release|Any CPU
		{C33D98C6-ED0B-4BD2-AB4D-3F09629C3AC0}.Release|x86.Build.0 = Release|Any CPU
	EndGlobalSection
	GlobalSection(SolutionProperties) = preSolution
		HideSolutionNode = FALSE
	EndGlobalSection
	GlobalSection(ExtensibilityGlobals) = postSolution
		SolutionGuid = {033ED148-AB5B-4D97-B04C-9CD4E17CA53E}
	EndGlobalSection
EndGlobal
